Microsoft Visual Studio Solution File, Format Version 12.00
# Visual Studio 15
Project("{8BC9CEB8-8B4A-11D0-8D11-00A0C91BC942}") = "ALL_BUILD", "ALL_BUILD.vcxproj", "{276FC461-1AF7-3BAC-A896-7F0BF9BCA294}"
	ProjectSection(ProjectDependencies) = postProject
		{B0BE9F05-9D04-3725-BA3E-0C8DF971BA52} = {B0BE9F05-9D04-3725-BA3E-0C8DF971BA52}
		{59C73561-BDB7-3EEC-82C2-E6FF56049F87} = {59C73561-BDB7-3EEC-82C2-E6FF56049F87}
		{A7F8FC39-62C7-37F2-B585-2E0B36477695} = {A7F8FC39-62C7-37F2-B585-2E0B36477695}
		{522A21BF-FF3B-373B-B632-86DD23307DFC} = {522A21BF-FF3B-373B-B632-86DD23307DFC}
		{A8FE7FBD-7945-3AE4-827D-CDC2B8F1D512} = {A8FE7FBD-7945-3AE4-827D-CDC2B8F1D512}
	EndProjectSection
EndProject
Project("{8BC9CEB8-8B4A-11D0-8D11-00A0C91BC942}") = "ZERO_CHECK", "ZERO_CHECK.vcxproj", "{B0BE9F05-9D04-3725-BA3E-0C8DF971BA52}"
	ProjectSection(ProjectDependencies) = postProject
	EndProjectSection
EndProject
Project("{8BC9CEB8-8B4A-11D0-8D11-00A0C91BC942}") = "demo", "demo\demo.vcxproj", "{59C73561-BDB7-3EEC-82C2-E6FF56049F87}"
	ProjectSection(ProjectDependencies) = postProject
		{B0BE9F05-9D04-3725-BA3E-0C8DF971BA52} = {B0BE9F05-9D04-3725-BA3E-0C8DF971BA52}
		{A7F8FC39-62C7-37F2-B585-2E0B36477695} = {A7F8FC39-62C7-37F2-B585-2E0B36477695}
		{522A21BF-FF3B-373B-B632-86DD23307DFC} = {522A21BF-FF3B-373B-B632-86DD23307DFC}
		{A8FE7FBD-7945-3AE4-827D-CDC2B8F1D512} = {A8FE7FBD-7945-3AE4-827D-CDC2B8F1D512}
	EndProjectSection
EndProject
Project("{8BC9CEB8-8B4A-11D0-8D11-00A0C91BC942}") = "freeglut_static", "freeglut\freeglut_static.vcxproj", "{A7F8FC39-62C7-37F2-B585-2E0B36477695}"
	ProjectSection(ProjectDependencies) = postProject
		{B0BE9F05-9D04-3725-BA3E-0C8DF971BA52} = {B0BE9F05-9D04-3725-BA3E-0C8DF971BA52}
	EndProjectSection
EndProject
Project("{8BC9CEB8-8B4A-11D0-8D11-00A0C91BC942}") = "imgui", "imgui\imgui.vcxproj", "{522A21BF-FF3B-373B-B632-86DD23307DFC}"
	ProjectSection(ProjectDependencies) = postProject
		{B0BE9F05-9D04-3725-BA3E-0C8DF971BA52} = {B0BE9F05-9D04-3725-BA3E-0C8DF971BA52}
	EndProjectSection
EndProject
Project("{8BC9CEB8-8B4A-11D0-8D11-00A0C91BC942}") = "qu3e", "src\qu3e.vcxproj", "{A8FE7FBD-7945-3AE4-827D-CDC2B8F1D512}"
	ProjectSection(ProjectDependencies) = postProject
		{B0BE9F05-9D04-3725-BA3E-0C8DF971BA52} = {B0BE9F05-9D04-3725-BA3E-0C8DF971BA52}
	EndProjectSection
EndProject
Global
	GlobalSection(SolutionConfigurationPlatforms) = preSolution
		Debug|Win32 = Debug|Win32
		Release|Win32 = Release|Win32
		MinSizeRel|Win32 = MinSizeRel|Win32
		RelWithDebInfo|Win32 = RelWithDebInfo|Win32
	EndGlobalSection
	GlobalSection(ProjectConfigurationPlatforms) = postSolution
		{276FC461-1AF7-3BAC-A896-7F0BF9BCA294}.Debug|Win32.ActiveCfg = Debug|Win32
		{276FC461-1AF7-3BAC-A896-7F0BF9BCA294}.Release|Win32.ActiveCfg = Release|Win32
		{276FC461-1AF7-3BAC-A896-7F0BF9BCA294}.MinSizeRel|Win32.ActiveCfg = MinSizeRel|Win32
		{276FC461-1AF7-3BAC-A896-7F0BF9BCA294}.RelWithDebInfo|Win32.ActiveCfg = RelWithDebInfo|Win32
		{B0BE9F05-9D04-3725-BA3E-0C8DF971BA52}.Debug|Win32.ActiveCfg = Debug|Win32
		{B0BE9F05-9D04-3725-BA3E-0C8DF971BA52}.Debug|Win32.Build.0 = Debug|Win32
		{B0BE9F05-9D04-3725-BA3E-0C8DF971BA52}.Release|Win32.ActiveCfg = Release|Win32
		{B0BE9F05-9D04-3725-BA3E-0C8DF971BA52}.Release|Win32.Build.0 = Release|Win32
		{B0BE9F05-9D04-3725-BA3E-0C8DF971BA52}.MinSizeRel|Win32.ActiveCfg = MinSizeRel|Win32
		{B0BE9F05-9D04-3725-BA3E-0C8DF971BA52}.MinSizeRel|Win32.Build.0 = MinSizeRel|Win32
		{B0BE9F05-9D04-3725-BA3E-0C8DF971BA52}.RelWithDebInfo|Win32.ActiveCfg = RelWithDebInfo|Win32
		{B0BE9F05-9D04-3725-BA3E-0C8DF971BA52}.RelWithDebInfo|Win32.Build.0 = RelWithDebInfo|Win32
		{59C73561-BDB7-3EEC-82C2-E6FF56049F87}.Debug|Win32.ActiveCfg = Debug|Win32
		{59C73561-BDB7-3EEC-82C2-E6FF56049F87}.Debug|Win32.Build.0 = Debug|Win32
		{59C73561-BDB7-3EEC-82C2-E6FF56049F87}.Release|Win32.ActiveCfg = Release|Win32
		{59C73561-BDB7-3EEC-82C2-E6FF56049F87}.Release|Win32.Build.0 = Release|Win32
		{59C73561-BDB7-3EEC-82C2-E6FF56049F87}.MinSizeRel|Win32.ActiveCfg = MinSizeRel|Win32
		{59C73561-BDB7-3EEC-82C2-E6FF56049F87}.MinSizeRel|Win32.Build.0 = MinSizeRel|Win32
		{59C73561-BDB7-3EEC-82C2-E6FF56049F87}.RelWithDebInfo|Win32.ActiveCfg = RelWithDebInfo|Win32
		{59C73561-BDB7-3EEC-82C2-E6FF56049F87}.RelWithDebInfo|Win32.Build.0 = RelWithDebInfo|Win32
		{A7F8FC39-62C7-37F2-B585-2E0B36477695}.Debug|Win32.ActiveCfg = Debug|Win32
		{A7F8FC39-62C7-37F2-B585-2E0B36477695}.Debug|Win32.Build.0 = Debug|Win32
		{A7F8FC39-62C7-37F2-B585-2E0B36477695}.Release|Win32.ActiveCfg = Release|Win32
		{A7F8FC39-62C7-37F2-B585-2E0B36477695}.Release|Win32.Build.0 = Release|Win32
		{A7F8FC39-62C7-37F2-B585-2E0B36477695}.MinSizeRel|Win32.ActiveCfg = MinSizeRel|Win32
		{A7F8FC39-62C7-37F2-B585-2E0B36477695}.MinSizeRel|Win32.Build.0 = MinSizeRel|Win32
		{A7F8FC39-62C7-37F2-B585-2E0B36477695}.RelWithDebInfo|Win32.ActiveCfg = RelWithDebInfo|Win32
		{A7F8FC39-62C7-37F2-B585-2E0B36477695}.RelWithDebInfo|Win32.Build.0 = RelWithDebInfo|Win32
		{522A21BF-FF3B-373B-B632-86DD23307DFC}.Debug|Win32.ActiveCfg = Debug|Win32
		{522A21BF-FF3B-373B-B632-86DD23307DFC}.Debug|Win32.Build.0 = Debug|Win32
		{522A21BF-FF3B-373B-B632-86DD23307DFC}.Release|Win32.ActiveCfg = Release|Win32
		{522A21BF-FF3B-373B-B632-86DD23307DFC}.Release|Win32.Build.0 = Release|Win32
		{522A21BF-FF3B-373B-B632-86DD23307DFC}.MinSizeRel|Win32.ActiveCfg = MinSizeRel|Win32
		{522A21BF-FF3B-373B-B632-86DD23307DFC}.MinSizeRel|Win32.Build.0 = MinSizeRel|Win32
		{522A21BF-FF3B-373B-B632-86DD23307DFC}.RelWithDebInfo|Win32.ActiveCfg = RelWithDebInfo|Win32
		{522A21BF-FF3B-373B-B632-86DD23307DFC}.RelWithDebInfo|Win32.Build.0 = RelWithDebInfo|Win32
		{A8FE7FBD-7945-3AE4-827D-CDC2B8F1D512}.Debug|Win32.ActiveCfg = Debug|Win32
		{A8FE7FBD-7945-3AE4-827D-CDC2B8F1D512}.Debug|Win32.Build.0 = Debug|Win32
		{A8FE7FBD-7945-3AE4-827D-CDC2B8F1D512}.Release|Win32.ActiveCfg = Release|Win32
		{A8FE7FBD-7945-3AE4-827D-CDC2B8F1D512}.Release|Win32.Build.0 = Release|Win32
		{A8FE7FBD-7945-3AE4-827D-CDC2B8F1D512}.MinSizeRel|Win32.ActiveCfg = MinSizeRel|Win32
		{A8FE7FBD-7945-3AE4-827D-CDC2B8F1D512}.MinSizeRel|Win32.Build.0 = MinSizeRel|Win32
		{A8FE7FBD-7945-3AE4-827D-CDC2B8F1D512}.RelWithDebInfo|Win32.ActiveCfg = RelWithDebInfo|Win32
		{A8FE7FBD-7945-3AE4-827D-CDC2B8F1D512}.RelWithDebInfo|Win32.Build.0 = RelWithDebInfo|Win32
	EndGlobalSection
	GlobalSection(ExtensibilityGlobals) = postSolution
		SolutionGuid = {8A232208-903C-32E4-8051-C6A4157EE955}
	EndGlobalSection
	GlobalSection(ExtensibilityAddIns) = postSolution
	EndGlobalSection
EndGlobal
