
Microsoft Visual Studio Solution File, Format Version 12.00
# Visual Studio 15
VisualStudioVersion = 15.0.27130.2027
MinimumVisualStudioVersion = 10.0.40219.1
Project("{8BC9CEB8-8B4A-11D0-8D11-00A0C91BC942}") = "VT49", "VT49\VT49.vcxproj", "{522C3D09-3318-4F88-965F-89965BF6E4F1}"
EndProject
Global
	GlobalSection(SolutionConfigurationPlatforms) = preSolution
		Debug|ARM = Debug|ARM
		Debug|x86 = Debug|x86
		Release|ARM = Release|ARM
		Release|x86 = Release|x86
		WinDebug|ARM = WinDebug|ARM
		WinDebug|x86 = WinDebug|x86
	EndGlobalSection
	GlobalSection(ProjectConfigurationPlatforms) = postSolution
		{522C3D09-3318-4F88-965F-89965BF6E4F1}.Debug|ARM.ActiveCfg = Debug|ARM
		{522C3D09-3318-4F88-965F-89965BF6E4F1}.Debug|ARM.Build.0 = Debug|ARM
		{522C3D09-3318-4F88-965F-89965BF6E4F1}.Debug|x86.ActiveCfg = Debug|x86
		{522C3D09-3318-4F88-965F-89965BF6E4F1}.Debug|x86.Build.0 = Debug|x86
		{522C3D09-3318-4F88-965F-89965BF6E4F1}.Release|ARM.ActiveCfg = Release|ARM
		{522C3D09-3318-4F88-965F-89965BF6E4F1}.Release|ARM.Build.0 = Release|ARM
		{522C3D09-3318-4F88-965F-89965BF6E4F1}.Release|x86.ActiveCfg = Release|x86
		{522C3D09-3318-4F88-965F-89965BF6E4F1}.Release|x86.Build.0 = Release|x86
		{522C3D09-3318-4F88-965F-89965BF6E4F1}.WinDebug|ARM.ActiveCfg = WinDebug|ARM
		{522C3D09-3318-4F88-965F-89965BF6E4F1}.WinDebug|ARM.Build.0 = WinDebug|ARM
		{522C3D09-3318-4F88-965F-89965BF6E4F1}.WinDebug|x86.ActiveCfg = WinDebug|x86
		{522C3D09-3318-4F88-965F-89965BF6E4F1}.WinDebug|x86.Build.0 = WinDebug|x86
	EndGlobalSection
	GlobalSection(SolutionProperties) = preSolution
		HideSolutionNode = FALSE
	EndGlobalSection
	GlobalSection(ExtensibilityGlobals) = postSolution
		SolutionGuid = {24F53AE7-1151-45FC-9DDE-85F9BED31956}
	EndGlobalSection
EndGlobal
